
Microsoft Visual Studio Solution File, Format Version 12.00
# Visual Studio Version 17
VisualStudioVersion = 17.6.33815.320
MinimumVisualStudioVersion = 10.0.40219.1
Project("{FAE04EC0-301F-11D3-BF4B-00C04F79EFBC}") = "Tarefas.API", "Tarefas.API\Tarefas.API.csproj", "{545E4615-E558-4CC8-A9E3-989EF4270F43}"
EndProject
Project("{2150E333-8FDC-42A3-9474-1A3956D46DE8}") = "0 - API", "0 - API", "{6706CA2C-83E4-455A-A549-7A2030CA130D}"
EndProject
Project("{2150E333-8FDC-42A3-9474-1A3956D46DE8}") = "1 - Service", "1 - Service", "{8B0021D2-854F-42E2-871C-66B3CE0B20DF}"
EndProject
Project("{FAE04EC0-301F-11D3-BF4B-00C04F79EFBC}") = "Tarefas.Service", "Tarefas.Service\Tarefas.Service.csproj", "{A34ECBCC-C37D-4CF8-91B0-BA73F544FBD0}"
EndProject
Project("{2150E333-8FDC-42A3-9474-1A3956D46DE8}") = "2 - Data", "2 - Data", "{CDE3250F-9CB0-4810-BB50-AD30DD0B2E44}"
EndProject
Project("{2150E333-8FDC-42A3-9474-1A3956D46DE8}") = "3 - Domain", "3 - Domain", "{B604EF1B-10F2-438A-856B-B7C1BF518899}"
EndProject
Project("{FAE04EC0-301F-11D3-BF4B-00C04F79EFBC}") = "Tarefas.Data", "Tarefas.Data\Tarefas.Data.csproj", "{3377BC10-9428-4023-A7C7-2D30C20CF457}"
EndProject
Project("{FAE04EC0-301F-11D3-BF4B-00C04F79EFBC}") = "Tarefas.Repository", "Tarefas.Repository\Tarefas.Repository.csproj", "{2D661503-E22D-46A8-8DBF-724924E898FF}"
EndProject
Project("{FAE04EC0-301F-11D3-BF4B-00C04F79EFBC}") = "Tarefas.Domain", "Tarefas.Domain\Tarefas.Domain.csproj", "{2CC92E5E-7E07-4A47-B0E7-4A1E9885E4C1}"
EndProject
Global
	GlobalSection(SolutionConfigurationPlatforms) = preSolution
		Debug|Any CPU = Debug|Any CPU
		Release|Any CPU = Release|Any CPU
	EndGlobalSection
	GlobalSection(ProjectConfigurationPlatforms) = postSolution
		{545E4615-E558-4CC8-A9E3-989EF4270F43}.Debug|Any CPU.ActiveCfg = Debug|Any CPU
		{545E4615-E558-4CC8-A9E3-989EF4270F43}.Debug|Any CPU.Build.0 = Debug|Any CPU
		{545E4615-E558-4CC8-A9E3-989EF4270F43}.Release|Any CPU.ActiveCfg = Release|Any CPU
		{545E4615-E558-4CC8-A9E3-989EF4270F43}.Release|Any CPU.Build.0 = Release|Any CPU
		{A34ECBCC-C37D-4CF8-91B0-BA73F544FBD0}.Debug|Any CPU.ActiveCfg = Debug|Any CPU
		{A34ECBCC-C37D-4CF8-91B0-BA73F544FBD0}.Debug|Any CPU.Build.0 = Debug|Any CPU
		{A34ECBCC-C37D-4CF8-91B0-BA73F544FBD0}.Release|Any CPU.ActiveCfg = Release|Any CPU
		{A34ECBCC-C37D-4CF8-91B0-BA73F544FBD0}.Release|Any CPU.Build.0 = Release|Any CPU
		{3377BC10-9428-4023-A7C7-2D30C20CF457}.Debug|Any CPU.ActiveCfg = Debug|Any CPU
		{3377BC10-9428-4023-A7C7-2D30C20CF457}.Debug|Any CPU.Build.0 = Debug|Any CPU
		{3377BC10-9428-4023-A7C7-2D30C20CF457}.Release|Any CPU.ActiveCfg = Release|Any CPU
		{3377BC10-9428-4023-A7C7-2D30C20CF457}.Release|Any CPU.Build.0 = Release|Any CPU
		{2D661503-E22D-46A8-8DBF-724924E898FF}.Debug|Any CPU.ActiveCfg = Debug|Any CPU
		{2D661503-E22D-46A8-8DBF-724924E898FF}.Debug|Any CPU.Build.0 = Debug|Any CPU
		{2D661503-E22D-46A8-8DBF-724924E898FF}.Release|Any CPU.ActiveCfg = Release|Any CPU
		{2D661503-E22D-46A8-8DBF-724924E898FF}.Release|Any CPU.Build.0 = Release|Any CPU
		{2CC92E5E-7E07-4A47-B0E7-4A1E9885E4C1}.Debug|Any CPU.ActiveCfg = Debug|Any CPU
		{2CC92E5E-7E07-4A47-B0E7-4A1E9885E4C1}.Debug|Any CPU.Build.0 = Debug|Any CPU
		{2CC92E5E-7E07-4A47-B0E7-4A1E9885E4C1}.Release|Any CPU.ActiveCfg = Release|Any CPU
		{2CC92E5E-7E07-4A47-B0E7-4A1E9885E4C1}.Release|Any CPU.Build.0 = Release|Any CPU
	EndGlobalSection
	GlobalSection(SolutionProperties) = preSolution
		HideSolutionNode = FALSE
	EndGlobalSection
	GlobalSection(NestedProjects) = preSolution
		{545E4615-E558-4CC8-A9E3-989EF4270F43} = {6706CA2C-83E4-455A-A549-7A2030CA130D}
		{A34ECBCC-C37D-4CF8-91B0-BA73F544FBD0} = {8B0021D2-854F-42E2-871C-66B3CE0B20DF}
		{3377BC10-9428-4023-A7C7-2D30C20CF457} = {CDE3250F-9CB0-4810-BB50-AD30DD0B2E44}
		{2D661503-E22D-46A8-8DBF-724924E898FF} = {CDE3250F-9CB0-4810-BB50-AD30DD0B2E44}
		{2CC92E5E-7E07-4A47-B0E7-4A1E9885E4C1} = {B604EF1B-10F2-438A-856B-B7C1BF518899}
	EndGlobalSection
	GlobalSection(ExtensibilityGlobals) = postSolution
		SolutionGuid = {5E3B50B3-2069-4270-BB8E-E47F1C2554F5}
	EndGlobalSection
EndGlobal
